
Microsoft Visual Studio Solution File, Format Version 12.00
# Visual Studio Version 17
VisualStudioVersion = 17.11.35312.102
MinimumVisualStudioVersion = 10.0.40219.1
Project("{FAE04EC0-301F-11D3-BF4B-00C04F79EFBC}") = "2024_10_03_tv_class", "2024_10_03_tv_class\2024_10_03_tv_class.csproj", "{8356ACE8-36E4-4ED6-9FEC-103AD350DF42}"
EndProject
Global
	GlobalSection(SolutionConfigurationPlatforms) = preSolution
		Debug|Any CPU = Debug|Any CPU
		Release|Any CPU = Release|Any CPU
	EndGlobalSection
	GlobalSection(ProjectConfigurationPlatforms) = postSolution
		{8356ACE8-36E4-4ED6-9FEC-103AD350DF42}.Debug|Any CPU.ActiveCfg = Debug|Any CPU
		{8356ACE8-36E4-4ED6-9FEC-103AD350DF42}.Debug|Any CPU.Build.0 = Debug|Any CPU
		{8356ACE8-36E4-4ED6-9FEC-103AD350DF42}.Release|Any CPU.ActiveCfg = Release|Any CPU
		{8356ACE8-36E4-4ED6-9FEC-103AD350DF42}.Release|Any CPU.Build.0 = Release|Any CPU
	EndGlobalSection
	GlobalSection(SolutionProperties) = preSolution
		HideSolutionNode = FALSE
	EndGlobalSection
	GlobalSection(ExtensibilityGlobals) = postSolution
		SolutionGuid = {1AEE97EE-7F56-4979-AF07-EA445EB63196}
	EndGlobalSection
EndGlobal
